
Microsoft Visual Studio Solution File, Format Version 12.00
# Visual Studio 15
VisualStudioVersion = 15.0.27428.2027
MinimumVisualStudioVersion = 10.0.40219.1
Project("{FAE04EC0-301F-11D3-BF4B-00C04F79EFBC}") = "KivetitoWPF2", "KivetitoWPF2\KivetitoWPF2.csproj", "{9FAE6F1A-B564-45B9-809C-84F832DD6FF0}"
EndProject
Global
	GlobalSection(SolutionConfigurationPlatforms) = preSolution
		Debug|Any CPU = Debug|Any CPU
		Release|Any CPU = Release|Any CPU
	EndGlobalSection
	GlobalSection(ProjectConfigurationPlatforms) = postSolution
		{9FAE6F1A-B564-45B9-809C-84F832DD6FF0}.Debug|Any CPU.ActiveCfg = Debug|Any CPU
		{9FAE6F1A-B564-45B9-809C-84F832DD6FF0}.Debug|Any CPU.Build.0 = Debug|Any CPU
		{9FAE6F1A-B564-45B9-809C-84F832DD6FF0}.Release|Any CPU.ActiveCfg = Release|Any CPU
		{9FAE6F1A-B564-45B9-809C-84F832DD6FF0}.Release|Any CPU.Build.0 = Release|Any CPU
	EndGlobalSection
	GlobalSection(SolutionProperties) = preSolution
		HideSolutionNode = FALSE
	EndGlobalSection
	GlobalSection(ExtensibilityGlobals) = postSolution
		SolutionGuid = {E6D7AEE0-241D-44DE-89CC-3691579F99FF}
	EndGlobalSection
EndGlobal
